
Microsoft Visual Studio Solution File, Format Version 12.00
# Visual Studio Version 17
VisualStudioVersion = 17.1.32210.238
MinimumVisualStudioVersion = 10.0.40219.1
Project("{FAE04EC0-301F-11D3-BF4B-00C04F79EFBC}") = "HW.06.Task1", "HW.06.Task1\HW.06.Task1.csproj", "{C2C98EEC-53B8-4EF3-B90B-2CFFF4545966}"
EndProject
Project("{FAE04EC0-301F-11D3-BF4B-00C04F79EFBC}") = "HW.06.Task2", "HW.06.Task2\HW.06.Task2.csproj", "{686A9BAF-5B32-4509-AC5F-5B62E31D3666}"
EndProject
Project("{FAE04EC0-301F-11D3-BF4B-00C04F79EFBC}") = "HW.06.Task3", "HW.06.Task3\HW.06.Task3.csproj", "{75F8C446-D195-4BAE-A805-1B50237CC00D}"
EndProject
Project("{FAE04EC0-301F-11D3-BF4B-00C04F79EFBC}") = "HW.06.Task4", "HW.06.Task4\HW.06.Task4.csproj", "{F04DC49B-E264-4679-B28C-5270CCE8109F}"
EndProject
Global
	GlobalSection(SolutionConfigurationPlatforms) = preSolution
		Debug|Any CPU = Debug|Any CPU
		Release|Any CPU = Release|Any CPU
	EndGlobalSection
	GlobalSection(ProjectConfigurationPlatforms) = postSolution
		{C2C98EEC-53B8-4EF3-B90B-2CFFF4545966}.Debug|Any CPU.ActiveCfg = Debug|Any CPU
		{C2C98EEC-53B8-4EF3-B90B-2CFFF4545966}.Debug|Any CPU.Build.0 = Debug|Any CPU
		{C2C98EEC-53B8-4EF3-B90B-2CFFF4545966}.Release|Any CPU.ActiveCfg = Release|Any CPU
		{C2C98EEC-53B8-4EF3-B90B-2CFFF4545966}.Release|Any CPU.Build.0 = Release|Any CPU
		{686A9BAF-5B32-4509-AC5F-5B62E31D3666}.Debug|Any CPU.ActiveCfg = Debug|Any CPU
		{686A9BAF-5B32-4509-AC5F-5B62E31D3666}.Debug|Any CPU.Build.0 = Debug|Any CPU
		{686A9BAF-5B32-4509-AC5F-5B62E31D3666}.Release|Any CPU.ActiveCfg = Release|Any CPU
		{686A9BAF-5B32-4509-AC5F-5B62E31D3666}.Release|Any CPU.Build.0 = Release|Any CPU
		{75F8C446-D195-4BAE-A805-1B50237CC00D}.Debug|Any CPU.ActiveCfg = Debug|Any CPU
		{75F8C446-D195-4BAE-A805-1B50237CC00D}.Debug|Any CPU.Build.0 = Debug|Any CPU
		{75F8C446-D195-4BAE-A805-1B50237CC00D}.Release|Any CPU.ActiveCfg = Release|Any CPU
		{75F8C446-D195-4BAE-A805-1B50237CC00D}.Release|Any CPU.Build.0 = Release|Any CPU
		{F04DC49B-E264-4679-B28C-5270CCE8109F}.Debug|Any CPU.ActiveCfg = Debug|Any CPU
		{F04DC49B-E264-4679-B28C-5270CCE8109F}.Debug|Any CPU.Build.0 = Debug|Any CPU
		{F04DC49B-E264-4679-B28C-5270CCE8109F}.Release|Any CPU.ActiveCfg = Release|Any CPU
		{F04DC49B-E264-4679-B28C-5270CCE8109F}.Release|Any CPU.Build.0 = Release|Any CPU
	EndGlobalSection
	GlobalSection(SolutionProperties) = preSolution
		HideSolutionNode = FALSE
	EndGlobalSection
	GlobalSection(ExtensibilityGlobals) = postSolution
		SolutionGuid = {C44A2331-1347-4325-851B-16E7C6B788CA}
	EndGlobalSection
EndGlobal
