
Microsoft Visual Studio Solution File, Format Version 12.00
# Visual Studio Version 17
VisualStudioVersion = 17.1.32210.238
MinimumVisualStudioVersion = 10.0.40219.1
Project("{FAE04EC0-301F-11D3-BF4B-00C04F79EFBC}") = "AvtoStore.UI", "AvtoStore.UI\AvtoStore.UI.csproj", "{DF9BA63D-A797-4941-AE1D-5BABA4A0A5F6}"
EndProject
Project("{FAE04EC0-301F-11D3-BF4B-00C04F79EFBC}") = "AvtoStore.BL", "AvtoStore.BL\AvtoStore.BL.csproj", "{A8D79B07-6498-425D-B435-8CA569C0A539}"
EndProject
Project("{FAE04EC0-301F-11D3-BF4B-00C04F79EFBC}") = "AvtoStore.DAL", "AvtoStore.DAL\AvtoStore.DAL.csproj", "{FA9B984E-3BA3-44E2-8DAB-7D9762C22AB3}"
EndProject
Global
	GlobalSection(SolutionConfigurationPlatforms) = preSolution
		Debug|Any CPU = Debug|Any CPU
		Release|Any CPU = Release|Any CPU
	EndGlobalSection
	GlobalSection(ProjectConfigurationPlatforms) = postSolution
		{DF9BA63D-A797-4941-AE1D-5BABA4A0A5F6}.Debug|Any CPU.ActiveCfg = Debug|Any CPU
		{DF9BA63D-A797-4941-AE1D-5BABA4A0A5F6}.Debug|Any CPU.Build.0 = Debug|Any CPU
		{DF9BA63D-A797-4941-AE1D-5BABA4A0A5F6}.Release|Any CPU.ActiveCfg = Release|Any CPU
		{DF9BA63D-A797-4941-AE1D-5BABA4A0A5F6}.Release|Any CPU.Build.0 = Release|Any CPU
		{A8D79B07-6498-425D-B435-8CA569C0A539}.Debug|Any CPU.ActiveCfg = Debug|Any CPU
		{A8D79B07-6498-425D-B435-8CA569C0A539}.Debug|Any CPU.Build.0 = Debug|Any CPU
		{A8D79B07-6498-425D-B435-8CA569C0A539}.Release|Any CPU.ActiveCfg = Release|Any CPU
		{A8D79B07-6498-425D-B435-8CA569C0A539}.Release|Any CPU.Build.0 = Release|Any CPU
		{FA9B984E-3BA3-44E2-8DAB-7D9762C22AB3}.Debug|Any CPU.ActiveCfg = Debug|Any CPU
		{FA9B984E-3BA3-44E2-8DAB-7D9762C22AB3}.Debug|Any CPU.Build.0 = Debug|Any CPU
		{FA9B984E-3BA3-44E2-8DAB-7D9762C22AB3}.Release|Any CPU.ActiveCfg = Release|Any CPU
		{FA9B984E-3BA3-44E2-8DAB-7D9762C22AB3}.Release|Any CPU.Build.0 = Release|Any CPU
	EndGlobalSection
	GlobalSection(SolutionProperties) = preSolution
		HideSolutionNode = FALSE
	EndGlobalSection
	GlobalSection(ExtensibilityGlobals) = postSolution
		SolutionGuid = {08198115-299E-47DF-B20B-419D7CC5FF79}
	EndGlobalSection
EndGlobal
